
Microsoft Visual Studio Solution File, Format Version 12.00
# Visual Studio 2012
Project("{FAE04EC0-301F-11D3-BF4B-00C04F79EFBC}") = "ZuydApp", "ZuydApp\ZuydApp.csproj", "{F7931F40-561A-425A-BACE-412B4FFD9D4D}"
EndProject
Project("{FAE04EC0-301F-11D3-BF4B-00C04F79EFBC}") = "ZuydApp.Droid", "Droid\ZuydApp.Droid.csproj", "{21070422-20E1-41DB-804A-04FFEF4DC18A}"
EndProject
Global
	GlobalSection(SolutionConfigurationPlatforms) = preSolution
		Debug|Any CPU = Debug|Any CPU
		Release|Any CPU = Release|Any CPU
	EndGlobalSection
	GlobalSection(ProjectConfigurationPlatforms) = postSolution
		{21070422-20E1-41DB-804A-04FFEF4DC18A}.Debug|Any CPU.ActiveCfg = Debug|Any CPU
		{21070422-20E1-41DB-804A-04FFEF4DC18A}.Debug|Any CPU.Build.0 = Debug|Any CPU
		{21070422-20E1-41DB-804A-04FFEF4DC18A}.Release|Any CPU.ActiveCfg = Release|Any CPU
		{21070422-20E1-41DB-804A-04FFEF4DC18A}.Release|Any CPU.Build.0 = Release|Any CPU
		{F7931F40-561A-425A-BACE-412B4FFD9D4D}.Debug|Any CPU.ActiveCfg = Debug|Any CPU
		{F7931F40-561A-425A-BACE-412B4FFD9D4D}.Debug|Any CPU.Build.0 = Debug|Any CPU
		{F7931F40-561A-425A-BACE-412B4FFD9D4D}.Release|Any CPU.ActiveCfg = Release|Any CPU
		{F7931F40-561A-425A-BACE-412B4FFD9D4D}.Release|Any CPU.Build.0 = Release|Any CPU
	EndGlobalSection
EndGlobal
